
Microsoft Visual Studio Solution File, Format Version 12.00
# Visual Studio 15
VisualStudioVersion = 15.0.34829.251
MinimumVisualStudioVersion = 10.0.40219.1
Project("{FAE04EC0-301F-11D3-BF4B-00C04F79EFBC}") = "THE ROOM", "THE ROOM\THE ROOM.csproj", "{6CB0E62C-4D69-4F1C-B025-58F85CD1B026}"
EndProject
Global
	GlobalSection(SolutionConfigurationPlatforms) = preSolution
		Debug|Any CPU = Debug|Any CPU
		Release|Any CPU = Release|Any CPU
	EndGlobalSection
	GlobalSection(ProjectConfigurationPlatforms) = postSolution
		{6CB0E62C-4D69-4F1C-B025-58F85CD1B026}.Debug|Any CPU.ActiveCfg = Debug|Any CPU
		{6CB0E62C-4D69-4F1C-B025-58F85CD1B026}.Debug|Any CPU.Build.0 = Debug|Any CPU
		{6CB0E62C-4D69-4F1C-B025-58F85CD1B026}.Release|Any CPU.ActiveCfg = Release|Any CPU
		{6CB0E62C-4D69-4F1C-B025-58F85CD1B026}.Release|Any CPU.Build.0 = Release|Any CPU
	EndGlobalSection
	GlobalSection(SolutionProperties) = preSolution
		HideSolutionNode = FALSE
	EndGlobalSection
	GlobalSection(ExtensibilityGlobals) = postSolution
		SolutionGuid = {B1C1402A-13FB-4A6C-85A6-07597E883857}
	EndGlobalSection
EndGlobal
